// !$*UTF8*$!
{
	archiveVersion = 1;
	classes = {
	};
	objectVersion = 77;
	objects = {

/* Begin PBXBuildFile section */
		D905FA082DA003A0001EDCA1 /* prepare_simulators.sh in Resources */ = {isa = PBXBuildFile; fileRef = D905FA072DA003A0001EDCA1 /* prepare_simulators.sh */; };
/* End PBXBuildFile section */

/* Begin PBXContainerItemProxy section */
		C1C086E22D9F05C400BF3347 /* PBXContainerItemProxy */ = {
			isa = PBXContainerItemProxy;
			containerPortal = C1590A362D8421F800E25835 /* Project object */;
			proxyType = 1;
			remoteGlobalIDString = C1590A3D2D8421F800E25835;
			remoteInfo = SwiftUILearning;
		};
		C1E9ECE72D9FBBAA00E631CC /* PBXContainerItemProxy */ = {
			isa = PBXContainerItemProxy;
			containerPortal = C1590A362D8421F800E25835 /* Project object */;
			proxyType = 1;
			remoteGlobalIDString = C1590A3D2D8421F800E25835;
			remoteInfo = SwiftUILearning;
		};
/* End PBXContainerItemProxy section */

/* Begin PBXFileReference section */
		C1590A3E2D8421F800E25835 /* SwiftUILearning.app */ = {isa = PBXFileReference; explicitFileType = wrapper.application; includeInIndex = 0; path = SwiftUILearning.app; sourceTree = BUILT_PRODUCTS_DIR; };
		C1C086DE2D9F05C400BF3347 /* SwiftUILearning_Tests.xctest */ = {isa = PBXFileReference; explicitFileType = wrapper.cfbundle; includeInIndex = 0; path = SwiftUILearning_Tests.xctest; sourceTree = BUILT_PRODUCTS_DIR; };
		C1E9ECE12D9FBBAA00E631CC /* SwiftUILearning_UITests.xctest */ = {isa = PBXFileReference; explicitFileType = wrapper.cfbundle; includeInIndex = 0; path = SwiftUILearning_UITests.xctest; sourceTree = BUILT_PRODUCTS_DIR; };
		C1E9ECF02D9FBFE700E631CC /* SwiftUILearning.xctestplan */ = {isa = PBXFileReference; lastKnownFileType = text; path = SwiftUILearning.xctestplan; sourceTree = "<group>"; };
		D905FA072DA003A0001EDCA1 /* prepare_simulators.sh */ = {isa = PBXFileReference; lastKnownFileType = text.script.sh; path = prepare_simulators.sh; sourceTree = "<group>"; };
/* End PBXFileReference section */

/* Begin PBXFileSystemSynchronizedRootGroup section */
		C1590A402D8421F800E25835 /* SwiftUILearning */ = {
			isa = PBXFileSystemSynchronizedRootGroup;
			path = SwiftUILearning;
			sourceTree = "<group>";
		};
		C1C086DF2D9F05C400BF3347 /* SwiftUILearning_Tests */ = {
			isa = PBXFileSystemSynchronizedRootGroup;
			path = SwiftUILearning_Tests;
			sourceTree = "<group>";
		};
		C1E9ECE22D9FBBAA00E631CC /* SwiftUILearning_UITests */ = {
			isa = PBXFileSystemSynchronizedRootGroup;
			path = SwiftUILearning_UITests;
			sourceTree = "<group>";
		};
/* End PBXFileSystemSynchronizedRootGroup section */

/* Begin PBXFrameworksBuildPhase section */
		C1590A3B2D8421F800E25835 /* Frameworks */ = {
			isa = PBXFrameworksBuildPhase;
			buildActionMask = 2147483647;
			files = (
			);
			runOnlyForDeploymentPostprocessing = 0;
		};
		C1C086DB2D9F05C400BF3347 /* Frameworks */ = {
			isa = PBXFrameworksBuildPhase;
			buildActionMask = 2147483647;
			files = (
			);
			runOnlyForDeploymentPostprocessing = 0;
		};
		C1E9ECDE2D9FBBAA00E631CC /* Frameworks */ = {
			isa = PBXFrameworksBuildPhase;
			buildActionMask = 2147483647;
			files = (
			);
			runOnlyForDeploymentPostprocessing = 0;
		};
/* End PBXFrameworksBuildPhase section */

/* Begin PBXGroup section */
		C1590A352D8421F800E25835 = {
			isa = PBXGroup;
			children = (
				D905FA072DA003A0001EDCA1 /* prepare_simulators.sh */,
				C1E9ECF02D9FBFE700E631CC /* SwiftUILearning.xctestplan */,
				C1590A402D8421F800E25835 /* SwiftUILearning */,
				C1C086DF2D9F05C400BF3347 /* SwiftUILearning_Tests */,
				C1E9ECE22D9FBBAA00E631CC /* SwiftUILearning_UITests */,
				C1590A3F2D8421F800E25835 /* Products */,
			);
			sourceTree = "<group>";
		};
		C1590A3F2D8421F800E25835 /* Products */ = {
			isa = PBXGroup;
			children = (
				C1590A3E2D8421F800E25835 /* SwiftUILearning.app */,
				C1C086DE2D9F05C400BF3347 /* SwiftUILearning_Tests.xctest */,
				C1E9ECE12D9FBBAA00E631CC /* SwiftUILearning_UITests.xctest */,
			);
			name = Products;
			sourceTree = "<group>";
		};
/* End PBXGroup section */

/* Begin PBXNativeTarget section */
		C1590A3D2D8421F800E25835 /* SwiftUILearning */ = {
			isa = PBXNativeTarget;
			buildConfigurationList = C1590A4C2D8421F900E25835 /* Build configuration list for PBXNativeTarget "SwiftUILearning" */;
			buildPhases = (
				C1590A3A2D8421F800E25835 /* Sources */,
				C1590A3B2D8421F800E25835 /* Frameworks */,
				C1590A3C2D8421F800E25835 /* Resources */,
			);
			buildRules = (
			);
			dependencies = (
			);
			fileSystemSynchronizedGroups = (
				C1590A402D8421F800E25835 /* SwiftUILearning */,
			);
			name = SwiftUILearning;
			packageProductDependencies = (
			);
			productName = SwiftUILearning;
			productReference = C1590A3E2D8421F800E25835 /* SwiftUILearning.app */;
			productType = "com.apple.product-type.application";
		};
		C1C086DD2D9F05C400BF3347 /* SwiftUILearning_Tests */ = {
			isa = PBXNativeTarget;
			buildConfigurationList = C1C086E42D9F05C400BF3347 /* Build configuration list for PBXNativeTarget "SwiftUILearning_Tests" */;
			buildPhases = (
				C1C086DA2D9F05C400BF3347 /* Sources */,
				C1C086DB2D9F05C400BF3347 /* Frameworks */,
				C1C086DC2D9F05C400BF3347 /* Resources */,
			);
			buildRules = (
			);
			dependencies = (
				C1C086E32D9F05C400BF3347 /* PBXTargetDependency */,
			);
			fileSystemSynchronizedGroups = (
				C1C086DF2D9F05C400BF3347 /* SwiftUILearning_Tests */,
			);
			name = SwiftUILearning_Tests;
			packageProductDependencies = (
			);
			productName = SwiftUILearning_Tests;
			productReference = C1C086DE2D9F05C400BF3347 /* SwiftUILearning_Tests.xctest */;
			productType = "com.apple.product-type.bundle.unit-test";
		};
		C1E9ECE02D9FBBAA00E631CC /* SwiftUILearning_UITests */ = {
			isa = PBXNativeTarget;
			buildConfigurationList = C1E9ECE92D9FBBAA00E631CC /* Build configuration list for PBXNativeTarget "SwiftUILearning_UITests" */;
			buildPhases = (
				C1E9ECDD2D9FBBAA00E631CC /* Sources */,
				C1E9ECDE2D9FBBAA00E631CC /* Frameworks */,
				C1E9ECDF2D9FBBAA00E631CC /* Resources */,
			);
			buildRules = (
			);
			dependencies = (
				C1E9ECE82D9FBBAA00E631CC /* PBXTargetDependency */,
			);
			fileSystemSynchronizedGroups = (
				C1E9ECE22D9FBBAA00E631CC /* SwiftUILearning_UITests */,
			);
			name = SwiftUILearning_UITests;
			packageProductDependencies = (
			);
			productName = SwiftUILearning_UITests;
			productReference = C1E9ECE12D9FBBAA00E631CC /* SwiftUILearning_UITests.xctest */;
			productType = "com.apple.product-type.bundle.ui-testing";
		};
/* End PBXNativeTarget section */

/* Begin PBXProject section */
		C1590A362D8421F800E25835 /* Project object */ = {
			isa = PBXProject;
			attributes = {
				BuildIndependentTargetsInParallel = 1;
				LastSwiftUpdateCheck = 1630;
				LastUpgradeCheck = 1630;
				TargetAttributes = {
					C1590A3D2D8421F800E25835 = {
						CreatedOnToolsVersion = 16.2;
					};
					C1C086DD2D9F05C400BF3347 = {
						CreatedOnToolsVersion = 16.3;
						TestTargetID = C1590A3D2D8421F800E25835;
					};
					C1E9ECE02D9FBBAA00E631CC = {
						CreatedOnToolsVersion = 16.3;
						TestTargetID = C1590A3D2D8421F800E25835;
					};
				};
			};
			buildConfigurationList = C1590A392D8421F800E25835 /* Build configuration list for PBXProject "SwiftUILearning" */;
			developmentRegion = en;
			hasScannedForEncodings = 0;
			knownRegions = (
				en,
				Base,
			);
			mainGroup = C1590A352D8421F800E25835;
			minimizedProjectReferenceProxies = 1;
			preferredProjectObjectVersion = 77;
			productRefGroup = C1590A3F2D8421F800E25835 /* Products */;
			projectDirPath = "";
			projectRoot = "";
			targets = (
				C1590A3D2D8421F800E25835 /* SwiftUILearning */,
				C1C086DD2D9F05C400BF3347 /* SwiftUILearning_Tests */,
				C1E9ECE02D9FBBAA00E631CC /* SwiftUILearning_UITests */,
			);
		};
/* End PBXProject section */

/* Begin PBXResourcesBuildPhase section */
		C1590A3C2D8421F800E25835 /* Resources */ = {
			isa = PBXResourcesBuildPhase;
			buildActionMask = 2147483647;
			files = (
				D905FA082DA003A0001EDCA1 /* prepare_simulators.sh in Resources */,
			);
			runOnlyForDeploymentPostprocessing = 0;
		};
		C1C086DC2D9F05C400BF3347 /* Resources */ = {
			isa = PBXResourcesBuildPhase;
			buildActionMask = 2147483647;
			files = (
			);
			runOnlyForDeploymentPostprocessing = 0;
		};
		C1E9ECDF2D9FBBAA00E631CC /* Resources */ = {
			isa = PBXResourcesBuildPhase;
			buildActionMask = 2147483647;
			files = (
			);
			runOnlyForDeploymentPostprocessing = 0;
		};
/* End PBXResourcesBuildPhase section */

/* Begin PBXSourcesBuildPhase section */
		C1590A3A2D8421F800E25835 /* Sources */ = {
			isa = PBXSourcesBuildPhase;
			buildActionMask = 2147483647;
			files = (
			);
			runOnlyForDeploymentPostprocessing = 0;
		};
		C1C086DA2D9F05C400BF3347 /* Sources */ = {
			isa = PBXSourcesBuildPhase;
			buildActionMask = 2147483647;
			files = (
			);
			runOnlyForDeploymentPostprocessing = 0;
		};
		C1E9ECDD2D9FBBAA00E631CC /* Sources */ = {
			isa = PBXSourcesBuildPhase;
			buildActionMask = 2147483647;
			files = (
			);
			runOnlyForDeploymentPostprocessing = 0;
		};
/* End PBXSourcesBuildPhase section */

/* Begin PBXTargetDependency section */
		C1C086E32D9F05C400BF3347 /* PBXTargetDependency */ = {
			isa = PBXTargetDependency;
			target = C1590A3D2D8421F800E25835 /* SwiftUILearning */;
			targetProxy = C1C086E22D9F05C400BF3347 /* PBXContainerItemProxy */;
		};
		C1E9ECE82D9FBBAA00E631CC /* PBXTargetDependency */ = {
			isa = PBXTargetDependency;
			target = C1590A3D2D8421F800E25835 /* SwiftUILearning */;
			targetProxy = C1E9ECE72D9FBBAA00E631CC /* PBXContainerItemProxy */;
		};
/* End PBXTargetDependency section */

/* Begin XCBuildConfiguration section */
		C1590A4A2D8421F900E25835 /* Debug */ = {
			isa = XCBuildConfiguration;
			buildSettings = {
				ALWAYS_SEARCH_USER_PATHS = NO;
				ASSETCATALOG_COMPILER_GENERATE_SWIFT_ASSET_SYMBOL_EXTENSIONS = YES;
				CLANG_ANALYZER_NONNULL = YES;
				CLANG_ANALYZER_NUMBER_OBJECT_CONVERSION = YES_AGGRESSIVE;
				CLANG_CXX_LANGUAGE_STANDARD = "gnu++20";
				CLANG_ENABLE_MODULES = YES;
				CLANG_ENABLE_OBJC_ARC = YES;
				CLANG_ENABLE_OBJC_WEAK = YES;
				CLANG_WARN_BLOCK_CAPTURE_AUTORELEASING = YES;
				CLANG_WARN_BOOL_CONVERSION = YES;
				CLANG_WARN_COMMA = YES;
				CLANG_WARN_CONSTANT_CONVERSION = YES;
				CLANG_WARN_DEPRECATED_OBJC_IMPLEMENTATIONS = YES;
				CLANG_WARN_DIRECT_OBJC_ISA_USAGE = YES_ERROR;
				CLANG_WARN_DOCUMENTATION_COMMENTS = YES;
				CLANG_WARN_EMPTY_BODY = YES;
				CLANG_WARN_ENUM_CONVERSION = YES;
				CLANG_WARN_INFINITE_RECURSION = YES;
				CLANG_WARN_INT_CONVERSION = YES;
				CLANG_WARN_NON_LITERAL_NULL_CONVERSION = YES;
				CLANG_WARN_OBJC_IMPLICIT_RETAIN_SELF = YES;
				CLANG_WARN_OBJC_LITERAL_CONVERSION = YES;
				CLANG_WARN_OBJC_ROOT_CLASS = YES_ERROR;
				CLANG_WARN_QUOTED_INCLUDE_IN_FRAMEWORK_HEADER = YES;
				CLANG_WARN_RANGE_LOOP_ANALYSIS = YES;
				CLANG_WARN_STRICT_PROTOTYPES = YES;
				CLANG_WARN_SUSPICIOUS_MOVE = YES;
				CLANG_WARN_UNGUARDED_AVAILABILITY = YES_AGGRESSIVE;
				CLANG_WARN_UNREACHABLE_CODE = YES;
				CLANG_WARN__DUPLICATE_METHOD_MATCH = YES;
				COPY_PHASE_STRIP = NO;
				DEBUG_INFORMATION_FORMAT = dwarf;
				DEVELOPMENT_TEAM = KXUV7565X7;
				ENABLE_STRICT_OBJC_MSGSEND = YES;
				ENABLE_TESTABILITY = YES;
				ENABLE_USER_SCRIPT_SANDBOXING = YES;
				GCC_C_LANGUAGE_STANDARD = gnu17;
				GCC_DYNAMIC_NO_PIC = NO;
				GCC_NO_COMMON_BLOCKS = YES;
				GCC_OPTIMIZATION_LEVEL = 0;
				GCC_PREPROCESSOR_DEFINITIONS = (
					"DEBUG=1",
					"$(inherited)",
				);
				GCC_WARN_64_TO_32_BIT_CONVERSION = YES;
				GCC_WARN_ABOUT_RETURN_TYPE = YES_ERROR;
				GCC_WARN_UNDECLARED_SELECTOR = YES;
				GCC_WARN_UNINITIALIZED_AUTOS = YES_AGGRESSIVE;
				GCC_WARN_UNUSED_FUNCTION = YES;
				GCC_WARN_UNUSED_VARIABLE = YES;
				IPHONEOS_DEPLOYMENT_TARGET = 18.0;
				LOCALIZATION_PREFERS_STRING_CATALOGS = YES;
				MTL_ENABLE_DEBUG_INFO = INCLUDE_SOURCE;
				MTL_FAST_MATH = YES;
				ONLY_ACTIVE_ARCH = YES;
				SDKROOT = iphoneos;
				SWIFT_ACTIVE_COMPILATION_CONDITIONS = "DEBUG $(inherited)";
				SWIFT_OPTIMIZATION_LEVEL = "-Onone";
			};
			name = Debug;
		};
		C1590A4B2D8421F900E25835 /* Release */ = {
			isa = XCBuildConfiguration;
			buildSettings = {
				ALWAYS_SEARCH_USER_PATHS = NO;
				ASSETCATALOG_COMPILER_GENERATE_SWIFT_ASSET_SYMBOL_EXTENSIONS = YES;
				CLANG_ANALYZER_NONNULL = YES;
				CLANG_ANALYZER_NUMBER_OBJECT_CONVERSION = YES_AGGRESSIVE;
				CLANG_CXX_LANGUAGE_STANDARD = "gnu++20";
				CLANG_ENABLE_MODULES = YES;
				CLANG_ENABLE_OBJC_ARC = YES;
				CLANG_ENABLE_OBJC_WEAK = YES;
				CLANG_WARN_BLOCK_CAPTURE_AUTORELEASING = YES;
				CLANG_WARN_BOOL_CONVERSION = YES;
				CLANG_WARN_COMMA = YES;
				CLANG_WARN_CONSTANT_CONVERSION = YES;
				CLANG_WARN_DEPRECATED_OBJC_IMPLEMENTATIONS = YES;
				CLANG_WARN_DIRECT_OBJC_ISA_USAGE = YES_ERROR;
				CLANG_WARN_DOCUMENTATION_COMMENTS = YES;
				CLANG_WARN_EMPTY_BODY = YES;
				CLANG_WARN_ENUM_CONVERSION = YES;
				CLANG_WARN_INFINITE_RECURSION = YES;
				CLANG_WARN_INT_CONVERSION = YES;
				CLANG_WARN_NON_LITERAL_NULL_CONVERSION = YES;
				CLANG_WARN_OBJC_IMPLICIT_RETAIN_SELF = YES;
				CLANG_WARN_OBJC_LITERAL_CONVERSION = YES;
				CLANG_WARN_OBJC_ROOT_CLASS = YES_ERROR;
				CLANG_WARN_QUOTED_INCLUDE_IN_FRAMEWORK_HEADER = YES;
				CLANG_WARN_RANGE_LOOP_ANALYSIS = YES;
				CLANG_WARN_STRICT_PROTOTYPES = YES;
				CLANG_WARN_SUSPICIOUS_MOVE = YES;
				CLANG_WARN_UNGUARDED_AVAILABILITY = YES_AGGRESSIVE;
				CLANG_WARN_UNREACHABLE_CODE = YES;
				CLANG_WARN__DUPLICATE_METHOD_MATCH = YES;
				COPY_PHASE_STRIP = NO;
				DEBUG_INFORMATION_FORMAT = "dwarf-with-dsym";
				DEVELOPMENT_TEAM = KXUV7565X7;
				ENABLE_NS_ASSERTIONS = NO;
				ENABLE_STRICT_OBJC_MSGSEND = YES;
				ENABLE_USER_SCRIPT_SANDBOXING = YES;
				GCC_C_LANGUAGE_STANDARD = gnu17;
				GCC_NO_COMMON_BLOCKS = YES;
				GCC_WARN_64_TO_32_BIT_CONVERSION = YES;
				GCC_WARN_ABOUT_RETURN_TYPE = YES_ERROR;
				GCC_WARN_UNDECLARED_SELECTOR = YES;
				GCC_WARN_UNINITIALIZED_AUTOS = YES_AGGRESSIVE;
				GCC_WARN_UNUSED_FUNCTION = YES;
				GCC_WARN_UNUSED_VARIABLE = YES;
				IPHONEOS_DEPLOYMENT_TARGET = 18.0;
				LOCALIZATION_PREFERS_STRING_CATALOGS = YES;
				MTL_ENABLE_DEBUG_INFO = NO;
				MTL_FAST_MATH = YES;
				SDKROOT = iphoneos;
				SWIFT_COMPILATION_MODE = wholemodule;
				VALIDATE_PRODUCT = YES;
			};
			name = Release;
		};
		C1590A4D2D8421F900E25835 /* Debug */ = {
			isa = XCBuildConfiguration;
			buildSettings = {
				ASSETCATALOG_COMPILER_APPICON_NAME = AppIcon;
				ASSETCATALOG_COMPILER_GLOBAL_ACCENT_COLOR_NAME = AccentColor;
				CODE_SIGN_STYLE = Automatic;
				CURRENT_PROJECT_VERSION = 1;
				DEVELOPMENT_ASSET_PATHS = "\"SwiftUILearning/Preview Content\"";
				ENABLE_PREVIEWS = YES;
				GENERATE_INFOPLIST_FILE = YES;
				INFOPLIST_KEY_UIApplicationSceneManifest_Generation = YES;
				INFOPLIST_KEY_UIApplicationSupportsIndirectInputEvents = YES;
				INFOPLIST_KEY_UILaunchScreen_Generation = YES;
				INFOPLIST_KEY_UISupportedInterfaceOrientations_iPad = "UIInterfaceOrientationPortrait UIInterfaceOrientationPortraitUpsideDown UIInterfaceOrientationLandscapeLeft UIInterfaceOrientationLandscapeRight";
				INFOPLIST_KEY_UISupportedInterfaceOrientations_iPhone = "UIInterfaceOrientationPortrait UIInterfaceOrientationLandscapeLeft UIInterfaceOrientationLandscapeRight";
				IPHONEOS_DEPLOYMENT_TARGET = 18.0;
				LD_RUNPATH_SEARCH_PATHS = (
					"$(inherited)",
					"@executable_path/Frameworks",
				);
				MARKETING_VERSION = 1.0;
				PRODUCT_BUNDLE_IDENTIFIER = com.ZG.SwiftUILearning;
				PRODUCT_NAME = "$(TARGET_NAME)";
				SWIFT_EMIT_LOC_STRINGS = YES;
				SWIFT_VERSION = 5.0;
				TARGETED_DEVICE_FAMILY = "1,2";
			};
			name = Debug;
		};
		C1590A4E2D8421F900E25835 /* Release */ = {
			isa = XCBuildConfiguration;
			buildSettings = {
				ASSETCATALOG_COMPILER_APPICON_NAME = AppIcon;
				ASSETCATALOG_COMPILER_GLOBAL_ACCENT_COLOR_NAME = AccentColor;
				CODE_SIGN_STYLE = Automatic;
				CURRENT_PROJECT_VERSION = 1;
				DEVELOPMENT_ASSET_PATHS = "\"SwiftUILearning/Preview Content\"";
				ENABLE_PREVIEWS = YES;
				GENERATE_INFOPLIST_FILE = YES;
				INFOPLIST_KEY_UIApplicationSceneManifest_Generation = YES;
				INFOPLIST_KEY_UIApplicationSupportsIndirectInputEvents = YES;
				INFOPLIST_KEY_UILaunchScreen_Generation = YES;
				INFOPLIST_KEY_UISupportedInterfaceOrientations_iPad = "UIInterfaceOrientationPortrait UIInterfaceOrientationPortraitUpsideDown UIInterfaceOrientationLandscapeLeft UIInterfaceOrientationLandscapeRight";
				INFOPLIST_KEY_UISupportedInterfaceOrientations_iPhone = "UIInterfaceOrientationPortrait UIInterfaceOrientationLandscapeLeft UIInterfaceOrientationLandscapeRight";
				IPHONEOS_DEPLOYMENT_TARGET = 18.0;
				LD_RUNPATH_SEARCH_PATHS = (
					"$(inherited)",
					"@executable_path/Frameworks",
				);
				MARKETING_VERSION = 1.0;
				PRODUCT_BUNDLE_IDENTIFIER = com.ZG.SwiftUILearning;
				PRODUCT_NAME = "$(TARGET_NAME)";
				SWIFT_EMIT_LOC_STRINGS = YES;
				SWIFT_VERSION = 5.0;
				TARGETED_DEVICE_FAMILY = "1,2";
			};
			name = Release;
		};
		C1C086E52D9F05C400BF3347 /* Debug */ = {
			isa = XCBuildConfiguration;
			buildSettings = {
				BUNDLE_LOADER = "$(TEST_HOST)";
				CODE_SIGN_STYLE = Automatic;
				CURRENT_PROJECT_VERSION = 1;
				GENERATE_INFOPLIST_FILE = YES;
				IPHONEOS_DEPLOYMENT_TARGET = 18.0;
				MARKETING_VERSION = 1.0;
				PRODUCT_BUNDLE_IDENTIFIER = "com.ZG.SwiftUILearning-Tests";
				PRODUCT_NAME = "$(TARGET_NAME)";
				SWIFT_EMIT_LOC_STRINGS = NO;
				SWIFT_VERSION = 5.0;
				TARGETED_DEVICE_FAMILY = "1,2";
				TEST_HOST = "$(BUILT_PRODUCTS_DIR)/SwiftUILearning.app/$(BUNDLE_EXECUTABLE_FOLDER_PATH)/SwiftUILearning";
			};
			name = Debug;
		};
		C1C086E62D9F05C400BF3347 /* Release */ = {
			isa = XCBuildConfiguration;
			buildSettings = {
				BUNDLE_LOADER = "$(TEST_HOST)";
				CODE_SIGN_STYLE = Automatic;
				CURRENT_PROJECT_VERSION = 1;
				GENERATE_INFOPLIST_FILE = YES;
				IPHONEOS_DEPLOYMENT_TARGET = 18.0;
				MARKETING_VERSION = 1.0;
				PRODUCT_BUNDLE_IDENTIFIER = "com.ZG.SwiftUILearning-Tests";
				PRODUCT_NAME = "$(TARGET_NAME)";
				SWIFT_EMIT_LOC_STRINGS = NO;
				SWIFT_VERSION = 5.0;
				TARGETED_DEVICE_FAMILY = "1,2";
				TEST_HOST = "$(BUILT_PRODUCTS_DIR)/SwiftUILearning.app/$(BUNDLE_EXECUTABLE_FOLDER_PATH)/SwiftUILearning";
			};
			name = Release;
		};
		C1E9ECEA2D9FBBAA00E631CC /* Debug */ = {
			isa = XCBuildConfiguration;
			buildSettings = {
				CODE_SIGN_STYLE = Automatic;
				CURRENT_PROJECT_VERSION = 1;
				DEVELOPMENT_TEAM = KXUV7565X7;
				GENERATE_INFOPLIST_FILE = YES;
				IPHONEOS_DEPLOYMENT_TARGET = 18.0;
				MARKETING_VERSION = 1.0;
				PRODUCT_BUNDLE_IDENTIFIER = "com.ZG.SwiftUILearning-UITests";
				PRODUCT_NAME = "$(TARGET_NAME)";
				SWIFT_EMIT_LOC_STRINGS = NO;
				SWIFT_VERSION = 5.0;
				TARGETED_DEVICE_FAMILY = "1,2";
				TEST_TARGET_NAME = SwiftUILearning;
			};
			name = Debug;
		};
		C1E9ECEB2D9FBBAA00E631CC /* Release */ = {
			isa = XCBuildConfiguration;
			buildSettings = {
				CODE_SIGN_STYLE = Automatic;
				CURRENT_PROJECT_VERSION = 1;
				DEVELOPMENT_TEAM = KXUV7565X7;
				GENERATE_INFOPLIST_FILE = YES;
				IPHONEOS_DEPLOYMENT_TARGET = 18.0;
				MARKETING_VERSION = 1.0;
				PRODUCT_BUNDLE_IDENTIFIER = "com.ZG.SwiftUILearning-UITests";
				PRODUCT_NAME = "$(TARGET_NAME)";
				SWIFT_EMIT_LOC_STRINGS = NO;
				SWIFT_VERSION = 5.0;
				TARGETED_DEVICE_FAMILY = "1,2";
				TEST_TARGET_NAME = SwiftUILearning;
			};
			name = Release;
		};
/* End XCBuildConfiguration section */

/* Begin XCConfigurationList section */
		C1590A392D8421F800E25835 /* Build configuration list for PBXProject "SwiftUILearning" */ = {
			isa = XCConfigurationList;
			buildConfigurations = (
				C1590A4A2D8421F900E25835 /* Debug */,
				C1590A4B2D8421F900E25835 /* Release */,
			);
			defaultConfigurationIsVisible = 0;
			defaultConfigurationName = Release;
		};
		C1590A4C2D8421F900E25835 /* Build configuration list for PBXNativeTarget "SwiftUILearning" */ = {
			isa = XCConfigurationList;
			buildConfigurations = (
				C1590A4D2D8421F900E25835 /* Debug */,
				C1590A4E2D8421F900E25835 /* Release */,
			);
			defaultConfigurationIsVisible = 0;
			defaultConfigurationName = Release;
		};
		C1C086E42D9F05C400BF3347 /* Build configuration list for PBXNativeTarget "SwiftUILearning_Tests" */ = {
			isa = XCConfigurationList;
			buildConfigurations = (
				C1C086E52D9F05C400BF3347 /* Debug */,
				C1C086E62D9F05C400BF3347 /* Release */,
			);
			defaultConfigurationIsVisible = 0;
			defaultConfigurationName = Release;
		};
		C1E9ECE92D9FBBAA00E631CC /* Build configuration list for PBXNativeTarget "SwiftUILearning_UITests" */ = {
			isa = XCConfigurationList;
			buildConfigurations = (
				C1E9ECEA2D9FBBAA00E631CC /* Debug */,
				C1E9ECEB2D9FBBAA00E631CC /* Release */,
			);
			defaultConfigurationIsVisible = 0;
			defaultConfigurationName = Release;
		};
/* End XCConfigurationList section */
	};
	rootObject = C1590A362D8421F800E25835 /* Project object */;
}
